
Microsoft Visual Studio Solution File, Format Version 12.00
# Visual Studio 15
VisualStudioVersion = 15.0.28307.489
MinimumVisualStudioVersion = 10.0.40219.1
Project("{FAE04EC0-301F-11D3-BF4B-00C04F79EFBC}") = "PortfolioWebApp", "PortfolioWebApp\PortfolioWebApp.csproj", "{A7758139-2995-49FC-A017-11AACCB02C70}"
EndProject
Global
	GlobalSection(SolutionConfigurationPlatforms) = preSolution
		Debug|Any CPU = Debug|Any CPU
		Release|Any CPU = Release|Any CPU
	EndGlobalSection
	GlobalSection(ProjectConfigurationPlatforms) = postSolution
		{A7758139-2995-49FC-A017-11AACCB02C70}.Debug|Any CPU.ActiveCfg = Debug|Any CPU
		{A7758139-2995-49FC-A017-11AACCB02C70}.Debug|Any CPU.Build.0 = Debug|Any CPU
		{A7758139-2995-49FC-A017-11AACCB02C70}.Release|Any CPU.ActiveCfg = Release|Any CPU
		{A7758139-2995-49FC-A017-11AACCB02C70}.Release|Any CPU.Build.0 = Release|Any CPU
	EndGlobalSection
	GlobalSection(SolutionProperties) = preSolution
		HideSolutionNode = FALSE
	EndGlobalSection
	GlobalSection(ExtensibilityGlobals) = postSolution
		SolutionGuid = {C64DD3AB-88C5-4CB3-A191-D09D9A9F29E1}
	EndGlobalSection
EndGlobal
